
Microsoft Visual Studio Solution File, Format Version 12.00
# Visual Studio Version 16
VisualStudioVersion = 16.0.31019.35
MinimumVisualStudioVersion = 10.0.40219.1
Project("{9A19103F-16F7-4668-BE54-9A1E7A4F7556}") = "HangMan.UI", "HangMan.UI\HangMan.UI.csproj", "{56DFE5A6-F15E-4B02-BEF2-331B5DB4DE85}"
EndProject
Project("{9A19103F-16F7-4668-BE54-9A1E7A4F7556}") = "HangMan.BL", "HangMan.BL\HangMan.BL.csproj", "{242FD535-B834-4A73-B6DD-E8646D1F8B00}"
EndProject
Project("{9A19103F-16F7-4668-BE54-9A1E7A4F7556}") = "HangMan.DL", "HangMan.DL\HangMan.DL.csproj", "{1EEA616E-A66D-4583-83CC-816600AE3689}"
EndProject
Project("{FAE04EC0-301F-11D3-BF4B-00C04F79EFBC}") = "HangMan.HMServer", "HangMan.HMServer\HangMan.HMServer.csproj", "{99982848-C87A-4C7A-8166-E1D53FA8F881}"
EndProject
Global
	GlobalSection(SolutionConfigurationPlatforms) = preSolution
		Debug|Any CPU = Debug|Any CPU
		Release|Any CPU = Release|Any CPU
	EndGlobalSection
	GlobalSection(ProjectConfigurationPlatforms) = postSolution
		{56DFE5A6-F15E-4B02-BEF2-331B5DB4DE85}.Debug|Any CPU.ActiveCfg = Debug|Any CPU
		{56DFE5A6-F15E-4B02-BEF2-331B5DB4DE85}.Debug|Any CPU.Build.0 = Debug|Any CPU
		{56DFE5A6-F15E-4B02-BEF2-331B5DB4DE85}.Release|Any CPU.ActiveCfg = Release|Any CPU
		{56DFE5A6-F15E-4B02-BEF2-331B5DB4DE85}.Release|Any CPU.Build.0 = Release|Any CPU
		{242FD535-B834-4A73-B6DD-E8646D1F8B00}.Debug|Any CPU.ActiveCfg = Debug|Any CPU
		{242FD535-B834-4A73-B6DD-E8646D1F8B00}.Debug|Any CPU.Build.0 = Debug|Any CPU
		{242FD535-B834-4A73-B6DD-E8646D1F8B00}.Release|Any CPU.ActiveCfg = Release|Any CPU
		{242FD535-B834-4A73-B6DD-E8646D1F8B00}.Release|Any CPU.Build.0 = Release|Any CPU
		{1EEA616E-A66D-4583-83CC-816600AE3689}.Debug|Any CPU.ActiveCfg = Debug|Any CPU
		{1EEA616E-A66D-4583-83CC-816600AE3689}.Debug|Any CPU.Build.0 = Debug|Any CPU
		{1EEA616E-A66D-4583-83CC-816600AE3689}.Release|Any CPU.ActiveCfg = Release|Any CPU
		{1EEA616E-A66D-4583-83CC-816600AE3689}.Release|Any CPU.Build.0 = Release|Any CPU
		{99982848-C87A-4C7A-8166-E1D53FA8F881}.Debug|Any CPU.ActiveCfg = Debug|Any CPU
		{99982848-C87A-4C7A-8166-E1D53FA8F881}.Debug|Any CPU.Build.0 = Debug|Any CPU
		{99982848-C87A-4C7A-8166-E1D53FA8F881}.Release|Any CPU.ActiveCfg = Release|Any CPU
		{99982848-C87A-4C7A-8166-E1D53FA8F881}.Release|Any CPU.Build.0 = Release|Any CPU
	EndGlobalSection
	GlobalSection(SolutionProperties) = preSolution
		HideSolutionNode = FALSE
	EndGlobalSection
	GlobalSection(ExtensibilityGlobals) = postSolution
		SolutionGuid = {95EE3401-33E5-4EDD-A4E1-53EB1ACCA1F1}
	EndGlobalSection
EndGlobal
